// !$*UTF8*$!
{
	archiveVersion = 1;
	classes = {
	};
	objectVersion = 56;
	objects = {

/* Begin PBXBuildFile section */
		FA10A3382A45DFDF00E1A168 /* DataStore.swift in Sources */ = {isa = PBXBuildFile; fileRef = FA10A3372A45DFDF00E1A168 /* DataStore.swift */; };
		FA10A33A2A45DFE900E1A168 /* Person.swift in Sources */ = {isa = PBXBuildFile; fileRef = FA10A3392A45DFE900E1A168 /* Person.swift */; };
		FA10A3402A45E76E00E1A168 /* ContactListView.swift in Sources */ = {isa = PBXBuildFile; fileRef = FA10A33F2A45E76E00E1A168 /* ContactListView.swift */; };
		FA10A3422A45E9D000E1A168 /* SectionView.swift in Sources */ = {isa = PBXBuildFile; fileRef = FA10A3412A45E9D000E1A168 /* SectionView.swift */; };
		FA10A3442A460CF900E1A168 /* ContactDetailsView.swift in Sources */ = {isa = PBXBuildFile; fileRef = FA10A3432A460CF900E1A168 /* ContactDetailsView.swift */; };
		FA78AAD62A4398F2005A7609 /* ContactListSwiftUIApp.swift in Sources */ = {isa = PBXBuildFile; fileRef = FA78AAD52A4398F2005A7609 /* ContactListSwiftUIApp.swift */; };
		FA78AAD82A4398F2005A7609 /* ContentView.swift in Sources */ = {isa = PBXBuildFile; fileRef = FA78AAD72A4398F2005A7609 /* ContentView.swift */; };
		FA78AADA2A4398F3005A7609 /* Assets.xcassets in Resources */ = {isa = PBXBuildFile; fileRef = FA78AAD92A4398F3005A7609 /* Assets.xcassets */; };
		FA78AADD2A4398F3005A7609 /* Preview Assets.xcassets in Resources */ = {isa = PBXBuildFile; fileRef = FA78AADC2A4398F3005A7609 /* Preview Assets.xcassets */; };
/* End PBXBuildFile section */

/* Begin PBXFileReference section */
		FA10A3372A45DFDF00E1A168 /* DataStore.swift */ = {isa = PBXFileReference; fileEncoding = 4; lastKnownFileType = sourcecode.swift; path = DataStore.swift; sourceTree = "<group>"; };
		FA10A3392A45DFE900E1A168 /* Person.swift */ = {isa = PBXFileReference; fileEncoding = 4; lastKnownFileType = sourcecode.swift; path = Person.swift; sourceTree = "<group>"; };
		FA10A33F2A45E76E00E1A168 /* ContactListView.swift */ = {isa = PBXFileReference; lastKnownFileType = sourcecode.swift; path = ContactListView.swift; sourceTree = "<group>"; };
		FA10A3412A45E9D000E1A168 /* SectionView.swift */ = {isa = PBXFileReference; lastKnownFileType = sourcecode.swift; path = SectionView.swift; sourceTree = "<group>"; };
		FA10A3432A460CF900E1A168 /* ContactDetailsView.swift */ = {isa = PBXFileReference; lastKnownFileType = sourcecode.swift; path = ContactDetailsView.swift; sourceTree = "<group>"; };
		FA78AAD22A4398F2005A7609 /* ContactListSwiftUI.app */ = {isa = PBXFileReference; explicitFileType = wrapper.application; includeInIndex = 0; path = ContactListSwiftUI.app; sourceTree = BUILT_PRODUCTS_DIR; };
		FA78AAD52A4398F2005A7609 /* ContactListSwiftUIApp.swift */ = {isa = PBXFileReference; lastKnownFileType = sourcecode.swift; path = ContactListSwiftUIApp.swift; sourceTree = "<group>"; };
		FA78AAD72A4398F2005A7609 /* ContentView.swift */ = {isa = PBXFileReference; lastKnownFileType = sourcecode.swift; path = ContentView.swift; sourceTree = "<group>"; };
		FA78AAD92A4398F3005A7609 /* Assets.xcassets */ = {isa = PBXFileReference; lastKnownFileType = folder.assetcatalog; path = Assets.xcassets; sourceTree = "<group>"; };
		FA78AADC2A4398F3005A7609 /* Preview Assets.xcassets */ = {isa = PBXFileReference; lastKnownFileType = folder.assetcatalog; path = "Preview Assets.xcassets"; sourceTree = "<group>"; };
/* End PBXFileReference section */

/* Begin PBXFrameworksBuildPhase section */
		FA78AACF2A4398F1005A7609 /* Frameworks */ = {
			isa = PBXFrameworksBuildPhase;
			buildActionMask = 2147483647;
			files = (
			);
			runOnlyForDeploymentPostprocessing = 0;
		};
/* End PBXFrameworksBuildPhase section */

/* Begin PBXGroup section */
		FA10A33B2A45E04800E1A168 /* Models */ = {
			isa = PBXGroup;
			children = (
				FA10A3392A45DFE900E1A168 /* Person.swift */,
			);
			path = Models;
			sourceTree = "<group>";
		};
		FA10A33C2A45E05400E1A168 /* Services */ = {
			isa = PBXGroup;
			children = (
				FA10A3372A45DFDF00E1A168 /* DataStore.swift */,
			);
			path = Services;
			sourceTree = "<group>";
		};
		FA10A33D2A45E06000E1A168 /* App */ = {
			isa = PBXGroup;
			children = (
				FA78AAD52A4398F2005A7609 /* ContactListSwiftUIApp.swift */,
			);
			path = App;
			sourceTree = "<group>";
		};
		FA10A33E2A45E06D00E1A168 /* Views */ = {
			isa = PBXGroup;
			children = (
				FA78AAD72A4398F2005A7609 /* ContentView.swift */,
				FA10A33F2A45E76E00E1A168 /* ContactListView.swift */,
				FA10A3432A460CF900E1A168 /* ContactDetailsView.swift */,
				FA10A3412A45E9D000E1A168 /* SectionView.swift */,
			);
			path = Views;
			sourceTree = "<group>";
		};
		FA78AAC92A4398F1005A7609 = {
			isa = PBXGroup;
			children = (
				FA78AAD42A4398F2005A7609 /* ContactListSwiftUI */,
				FA78AAD32A4398F2005A7609 /* Products */,
			);
			sourceTree = "<group>";
		};
		FA78AAD32A4398F2005A7609 /* Products */ = {
			isa = PBXGroup;
			children = (
				FA78AAD22A4398F2005A7609 /* ContactListSwiftUI.app */,
			);
			name = Products;
			sourceTree = "<group>";
		};
		FA78AAD42A4398F2005A7609 /* ContactListSwiftUI */ = {
			isa = PBXGroup;
			children = (
				FA78AAD92A4398F3005A7609 /* Assets.xcassets */,
				FA10A33D2A45E06000E1A168 /* App */,
				FA10A33B2A45E04800E1A168 /* Models */,
				FA10A33C2A45E05400E1A168 /* Services */,
				FA10A33E2A45E06D00E1A168 /* Views */,
				FA78AADB2A4398F3005A7609 /* Preview Content */,
			);
			path = ContactListSwiftUI;
			sourceTree = "<group>";
		};
		FA78AADB2A4398F3005A7609 /* Preview Content */ = {
			isa = PBXGroup;
			children = (
				FA78AADC2A4398F3005A7609 /* Preview Assets.xcassets */,
			);
			path = "Preview Content";
			sourceTree = "<group>";
		};
/* End PBXGroup section */

/* Begin PBXNativeTarget section */
		FA78AAD12A4398F1005A7609 /* ContactListSwiftUI */ = {
			isa = PBXNativeTarget;
			buildConfigurationList = FA78AAE02A4398F3005A7609 /* Build configuration list for PBXNativeTarget "ContactListSwiftUI" */;
			buildPhases = (
				FA78AACE2A4398F1005A7609 /* Sources */,
				FA78AACF2A4398F1005A7609 /* Frameworks */,
				FA78AAD02A4398F1005A7609 /* Resources */,
			);
			buildRules = (
			);
			dependencies = (
			);
			name = ContactListSwiftUI;
			productName = ContactListSwiftUI;
			productReference = FA78AAD22A4398F2005A7609 /* ContactListSwiftUI.app */;
			productType = "com.apple.product-type.application";
		};
/* End PBXNativeTarget section */

/* Begin PBXProject section */
		FA78AACA2A4398F1005A7609 /* Project object */ = {
			isa = PBXProject;
			attributes = {
				BuildIndependentTargetsInParallel = 1;
				LastSwiftUpdateCheck = 1430;
				LastUpgradeCheck = 1430;
				TargetAttributes = {
					FA78AAD12A4398F1005A7609 = {
						CreatedOnToolsVersion = 14.3.1;
					};
				};
			};
			buildConfigurationList = FA78AACD2A4398F1005A7609 /* Build configuration list for PBXProject "ContactListSwiftUI" */;
			compatibilityVersion = "Xcode 14.0";
			developmentRegion = en;
			hasScannedForEncodings = 0;
			knownRegions = (
				en,
				Base,
			);
			mainGroup = FA78AAC92A4398F1005A7609;
			productRefGroup = FA78AAD32A4398F2005A7609 /* Products */;
			projectDirPath = "";
			projectRoot = "";
			targets = (
				FA78AAD12A4398F1005A7609 /* ContactListSwiftUI */,
			);
		};
/* End PBXProject section */

/* Begin PBXResourcesBuildPhase section */
		FA78AAD02A4398F1005A7609 /* Resources */ = {
			isa = PBXResourcesBuildPhase;
			buildActionMask = 2147483647;
			files = (
				FA78AADD2A4398F3005A7609 /* Preview Assets.xcassets in Resources */,
				FA78AADA2A4398F3005A7609 /* Assets.xcassets in Resources */,
			);
			runOnlyForDeploymentPostprocessing = 0;
		};
/* End PBXResourcesBuildPhase section */

/* Begin PBXSourcesBuildPhase section */
		FA78AACE2A4398F1005A7609 /* Sources */ = {
			isa = PBXSourcesBuildPhase;
			buildActionMask = 2147483647;
			files = (
				FA78AAD82A4398F2005A7609 /* ContentView.swift in Sources */,
				FA10A3382A45DFDF00E1A168 /* DataStore.swift in Sources */,
				FA10A3422A45E9D000E1A168 /* SectionView.swift in Sources */,
				FA10A3442A460CF900E1A168 /* ContactDetailsView.swift in Sources */,
				FA10A3402A45E76E00E1A168 /* ContactListView.swift in Sources */,
				FA10A33A2A45DFE900E1A168 /* Person.swift in Sources */,
				FA78AAD62A4398F2005A7609 /* ContactListSwiftUIApp.swift in Sources */,
			);
			runOnlyForDeploymentPostprocessing = 0;
		};
/* End PBXSourcesBuildPhase section */

/* Begin XCBuildConfiguration section */
		FA78AADE2A4398F3005A7609 /* Debug */ = {
			isa = XCBuildConfiguration;
			buildSettings = {
				ALWAYS_SEARCH_USER_PATHS = NO;
				CLANG_ANALYZER_NONNULL = YES;
				CLANG_ANALYZER_NUMBER_OBJECT_CONVERSION = YES_AGGRESSIVE;
				CLANG_CXX_LANGUAGE_STANDARD = "gnu++20";
				CLANG_ENABLE_MODULES = YES;
				CLANG_ENABLE_OBJC_ARC = YES;
				CLANG_ENABLE_OBJC_WEAK = YES;
				CLANG_WARN_BLOCK_CAPTURE_AUTORELEASING = YES;
				CLANG_WARN_BOOL_CONVERSION = YES;
				CLANG_WARN_COMMA = YES;
				CLANG_WARN_CONSTANT_CONVERSION = YES;
				CLANG_WARN_DEPRECATED_OBJC_IMPLEMENTATIONS = YES;
				CLANG_WARN_DIRECT_OBJC_ISA_USAGE = YES_ERROR;
				CLANG_WARN_DOCUMENTATION_COMMENTS = YES;
				CLANG_WARN_EMPTY_BODY = YES;
				CLANG_WARN_ENUM_CONVERSION = YES;
				CLANG_WARN_INFINITE_RECURSION = YES;
				CLANG_WARN_INT_CONVERSION = YES;
				CLANG_WARN_NON_LITERAL_NULL_CONVERSION = YES;
				CLANG_WARN_OBJC_IMPLICIT_RETAIN_SELF = YES;
				CLANG_WARN_OBJC_LITERAL_CONVERSION = YES;
				CLANG_WARN_OBJC_ROOT_CLASS = YES_ERROR;
				CLANG_WARN_QUOTED_INCLUDE_IN_FRAMEWORK_HEADER = YES;
				CLANG_WARN_RANGE_LOOP_ANALYSIS = YES;
				CLANG_WARN_STRICT_PROTOTYPES = YES;
				CLANG_WARN_SUSPICIOUS_MOVE = YES;
				CLANG_WARN_UNGUARDED_AVAILABILITY = YES_AGGRESSIVE;
				CLANG_WARN_UNREACHABLE_CODE = YES;
				CLANG_WARN__DUPLICATE_METHOD_MATCH = YES;
				COPY_PHASE_STRIP = NO;
				DEBUG_INFORMATION_FORMAT = dwarf;
				ENABLE_STRICT_OBJC_MSGSEND = YES;
				ENABLE_TESTABILITY = YES;
				GCC_C_LANGUAGE_STANDARD = gnu11;
				GCC_DYNAMIC_NO_PIC = NO;
				GCC_NO_COMMON_BLOCKS = YES;
				GCC_OPTIMIZATION_LEVEL = 0;
				GCC_PREPROCESSOR_DEFINITIONS = (
					"DEBUG=1",
					"$(inherited)",
				);
				GCC_WARN_64_TO_32_BIT_CONVERSION = YES;
				GCC_WARN_ABOUT_RETURN_TYPE = YES_ERROR;
				GCC_WARN_UNDECLARED_SELECTOR = YES;
				GCC_WARN_UNINITIALIZED_AUTOS = YES_AGGRESSIVE;
				GCC_WARN_UNUSED_FUNCTION = YES;
				GCC_WARN_UNUSED_VARIABLE = YES;
				IPHONEOS_DEPLOYMENT_TARGET = 16.4;
				MTL_ENABLE_DEBUG_INFO = INCLUDE_SOURCE;
				MTL_FAST_MATH = YES;
				ONLY_ACTIVE_ARCH = YES;
				SDKROOT = iphoneos;
				SWIFT_ACTIVE_COMPILATION_CONDITIONS = DEBUG;
				SWIFT_OPTIMIZATION_LEVEL = "-Onone";
			};
			name = Debug;
		};
		FA78AADF2A4398F3005A7609 /* Release */ = {
			isa = XCBuildConfiguration;
			buildSettings = {
				ALWAYS_SEARCH_USER_PATHS = NO;
				CLANG_ANALYZER_NONNULL = YES;
				CLANG_ANALYZER_NUMBER_OBJECT_CONVERSION = YES_AGGRESSIVE;
				CLANG_CXX_LANGUAGE_STANDARD = "gnu++20";
				CLANG_ENABLE_MODULES = YES;
				CLANG_ENABLE_OBJC_ARC = YES;
				CLANG_ENABLE_OBJC_WEAK = YES;
				CLANG_WARN_BLOCK_CAPTURE_AUTORELEASING = YES;
				CLANG_WARN_BOOL_CONVERSION = YES;
				CLANG_WARN_COMMA = YES;
				CLANG_WARN_CONSTANT_CONVERSION = YES;
				CLANG_WARN_DEPRECATED_OBJC_IMPLEMENTATIONS = YES;
				CLANG_WARN_DIRECT_OBJC_ISA_USAGE = YES_ERROR;
				CLANG_WARN_DOCUMENTATION_COMMENTS = YES;
				CLANG_WARN_EMPTY_BODY = YES;
				CLANG_WARN_ENUM_CONVERSION = YES;
				CLANG_WARN_INFINITE_RECURSION = YES;
				CLANG_WARN_INT_CONVERSION = YES;
				CLANG_WARN_NON_LITERAL_NULL_CONVERSION = YES;
				CLANG_WARN_OBJC_IMPLICIT_RETAIN_SELF = YES;
				CLANG_WARN_OBJC_LITERAL_CONVERSION = YES;
				CLANG_WARN_OBJC_ROOT_CLASS = YES_ERROR;
				CLANG_WARN_QUOTED_INCLUDE_IN_FRAMEWORK_HEADER = YES;
				CLANG_WARN_RANGE_LOOP_ANALYSIS = YES;
				CLANG_WARN_STRICT_PROTOTYPES = YES;
				CLANG_WARN_SUSPICIOUS_MOVE = YES;
				CLANG_WARN_UNGUARDED_AVAILABILITY = YES_AGGRESSIVE;
				CLANG_WARN_UNREACHABLE_CODE = YES;
				CLANG_WARN__DUPLICATE_METHOD_MATCH = YES;
				COPY_PHASE_STRIP = NO;
				DEBUG_INFORMATION_FORMAT = "dwarf-with-dsym";
				ENABLE_NS_ASSERTIONS = NO;
				ENABLE_STRICT_OBJC_MSGSEND = YES;
				GCC_C_LANGUAGE_STANDARD = gnu11;
				GCC_NO_COMMON_BLOCKS = YES;
				GCC_WARN_64_TO_32_BIT_CONVERSION = YES;
				GCC_WARN_ABOUT_RETURN_TYPE = YES_ERROR;
				GCC_WARN_UNDECLARED_SELECTOR = YES;
				GCC_WARN_UNINITIALIZED_AUTOS = YES_AGGRESSIVE;
				GCC_WARN_UNUSED_FUNCTION = YES;
				GCC_WARN_UNUSED_VARIABLE = YES;
				IPHONEOS_DEPLOYMENT_TARGET = 16.4;
				MTL_ENABLE_DEBUG_INFO = NO;
				MTL_FAST_MATH = YES;
				SDKROOT = iphoneos;
				SWIFT_COMPILATION_MODE = wholemodule;
				SWIFT_OPTIMIZATION_LEVEL = "-O";
				VALIDATE_PRODUCT = YES;
			};
			name = Release;
		};
		FA78AAE12A4398F3005A7609 /* Debug */ = {
			isa = XCBuildConfiguration;
			buildSettings = {
				ASSETCATALOG_COMPILER_APPICON_NAME = AppIcon;
				ASSETCATALOG_COMPILER_GLOBAL_ACCENT_COLOR_NAME = AccentColor;
				CODE_SIGN_STYLE = Automatic;
				CURRENT_PROJECT_VERSION = 1;
				DEVELOPMENT_ASSET_PATHS = "\"ContactListSwiftUI/Preview Content\"";
				DEVELOPMENT_TEAM = 5WNGG93AJL;
				ENABLE_PREVIEWS = YES;
				GENERATE_INFOPLIST_FILE = YES;
				INFOPLIST_KEY_UIApplicationSceneManifest_Generation = YES;
				INFOPLIST_KEY_UIApplicationSupportsIndirectInputEvents = YES;
				INFOPLIST_KEY_UILaunchScreen_Generation = YES;
				INFOPLIST_KEY_UISupportedInterfaceOrientations = UIInterfaceOrientationPortrait;
				INFOPLIST_KEY_UISupportedInterfaceOrientations_iPad = "UIInterfaceOrientationLandscapeLeft UIInterfaceOrientationLandscapeRight UIInterfaceOrientationPortrait UIInterfaceOrientationPortraitUpsideDown";
				LD_RUNPATH_SEARCH_PATHS = (
					"$(inherited)",
					"@executable_path/Frameworks",
				);
				MARKETING_VERSION = 1.0;
				PRODUCT_BUNDLE_IDENTIFIER = "Zhulai-Alex.ContactListSwiftUI";
				PRODUCT_NAME = "$(TARGET_NAME)";
				SUPPORTED_PLATFORMS = "iphoneos iphonesimulator";
				SUPPORTS_MACCATALYST = NO;
				SUPPORTS_MAC_DESIGNED_FOR_IPHONE_IPAD = NO;
				SWIFT_EMIT_LOC_STRINGS = YES;
				SWIFT_VERSION = 5.0;
				TARGETED_DEVICE_FAMILY = 1;
			};
			name = Debug;
		};
		FA78AAE22A4398F3005A7609 /* Release */ = {
			isa = XCBuildConfiguration;
			buildSettings = {
				ASSETCATALOG_COMPILER_APPICON_NAME = AppIcon;
				ASSETCATALOG_COMPILER_GLOBAL_ACCENT_COLOR_NAME = AccentColor;
				CODE_SIGN_STYLE = Automatic;
				CURRENT_PROJECT_VERSION = 1;
				DEVELOPMENT_ASSET_PATHS = "\"ContactListSwiftUI/Preview Content\"";
				DEVELOPMENT_TEAM = 5WNGG93AJL;
				ENABLE_PREVIEWS = YES;
				GENERATE_INFOPLIST_FILE = YES;
				INFOPLIST_KEY_UIApplicationSceneManifest_Generation = YES;
				INFOPLIST_KEY_UIApplicationSupportsIndirectInputEvents = YES;
				INFOPLIST_KEY_UILaunchScreen_Generation = YES;
				INFOPLIST_KEY_UISupportedInterfaceOrientations = UIInterfaceOrientationPortrait;
				INFOPLIST_KEY_UISupportedInterfaceOrientations_iPad = "UIInterfaceOrientationLandscapeLeft UIInterfaceOrientationLandscapeRight UIInterfaceOrientationPortrait UIInterfaceOrientationPortraitUpsideDown";
				LD_RUNPATH_SEARCH_PATHS = (
					"$(inherited)",
					"@executable_path/Frameworks",
				);
				MARKETING_VERSION = 1.0;
				PRODUCT_BUNDLE_IDENTIFIER = "Zhulai-Alex.ContactListSwiftUI";
				PRODUCT_NAME = "$(TARGET_NAME)";
				SUPPORTED_PLATFORMS = "iphoneos iphonesimulator";
				SUPPORTS_MACCATALYST = NO;
				SUPPORTS_MAC_DESIGNED_FOR_IPHONE_IPAD = NO;
				SWIFT_EMIT_LOC_STRINGS = YES;
				SWIFT_VERSION = 5.0;
				TARGETED_DEVICE_FAMILY = 1;
			};
			name = Release;
		};
/* End XCBuildConfiguration section */

/* Begin XCConfigurationList section */
		FA78AACD2A4398F1005A7609 /* Build configuration list for PBXProject "ContactListSwiftUI" */ = {
			isa = XCConfigurationList;
			buildConfigurations = (
				FA78AADE2A4398F3005A7609 /* Debug */,
				FA78AADF2A4398F3005A7609 /* Release */,
			);
			defaultConfigurationIsVisible = 0;
			defaultConfigurationName = Release;
		};
		FA78AAE02A4398F3005A7609 /* Build configuration list for PBXNativeTarget "ContactListSwiftUI" */ = {
			isa = XCConfigurationList;
			buildConfigurations = (
				FA78AAE12A4398F3005A7609 /* Debug */,
				FA78AAE22A4398F3005A7609 /* Release */,
			);
			defaultConfigurationIsVisible = 0;
			defaultConfigurationName = Release;
		};
/* End XCConfigurationList section */
	};
	rootObject = FA78AACA2A4398F1005A7609 /* Project object */;
}
